{
  "originHash" : "623bae92d7a480d5c6d12a8137e12c12a284469224380f53717967600786c30e",
  "pins" : [
    {
      "identity" : "haishinkit.swift",
      "kind" : "remoteSourceControl",
      "location" : "https://github.com/HaishinKit/HaishinKit.swift",
      "state" : {
        "revision" : "dc880cb540b8feeb98f64e8b7dcfaaf320b6b2bd",
        "version" : "2.2.5"
      }
    },
    {
      "identity" : "livestreamingcore",
      "kind" : "remoteSourceControl",
      "location" : "https://github.com/joopark4/LiveStreamingCore.git",
      "state" : {
        "revision" : "17aacbf80e235600e08d5ff7a09f01d2a432bd64",
        "version" : "2.1.0"
      }
    },
    {
      "identity" : "logboard",
      "kind" : "remoteSourceControl",
      "location" : "https://github.com/shogo4405/Logboard.git",
      "state" : {
        "revision" : "8f41c63afb903040b77049ee2efa8c257b8c0d50",
        "version" : "2.6.0"
      }
    }
  ],
  "version" : 3
}
