{
  "originHash" : "188346c116c3ccfdcd6626e915a4c863fea988bd71cf0264381f4b1eedba538c",
  "pins" : [
    {
      "identity" : "haishinkit.swift",
      "kind" : "remoteSourceControl",
      "location" : "https://github.com/HaishinKit/HaishinKit.swift",
      "state" : {
        "revision" : "d5a94b06f7623fe8e7804993adfd963b06212041",
        "version" : "2.0.8"
      }
    },
    {
      "identity" : "logboard",
      "kind" : "remoteSourceControl",
      "location" : "https://github.com/shogo4405/Logboard.git",
      "state" : {
        "revision" : "272976e1f3e8873e60ffe4b08fe50df48a93751b",
        "version" : "2.5.0"
      }
    }
  ],
  "version" : 3
}
