// !$*UTF8*$!
{
	archiveVersion = 1;
	classes = {
	};
	objectVersion = 77;
	objects = {

/* Begin PBXBuildFile section */
		53AF02DB2DE864F7006B527D /* HaishinKit in Frameworks */ = {isa = PBXBuildFile; productRef = 53AF02DA2DE864F7006B527D /* HaishinKit */; };
		53AF02DD2DE864F7006B527D /* MoQTHaishinKit in Frameworks */ = {isa = PBXBuildFile; productRef = 53AF02DC2DE864F7006B527D /* MoQTHaishinKit */; };
		53AF02DF2DE864F7006B527D /* SRTHaishinKit in Frameworks */ = {isa = PBXBuildFile; productRef = 53AF02DE2DE864F7006B527D /* SRTHaishinKit */; };
		53D4E2372DE8379900B36A15 /* AVFoundation.framework in Frameworks */ = {isa = PBXBuildFile; fileRef = 53D4E2362DE8379900B36A15 /* AVFoundation.framework */; };
		53F0A0012DF2000000000001 /* LiveStreamingCore in Frameworks */ = {isa = PBXBuildFile; productRef = 53F0A0022DF2000000000001 /* LiveStreamingCore */; };
/* End PBXBuildFile section */

/* Begin PBXContainerItemProxy section */
		537567B22DE32C9700946357 /* PBXContainerItemProxy */ = {
			isa = PBXContainerItemProxy;
			containerPortal = 5375679A2DE32C9500946357 /* Project object */;
			proxyType = 1;
			remoteGlobalIDString = 537567A12DE32C9500946357;
			remoteInfo = USBExternalCamera;
		};
		537567BC2DE32C9700946357 /* PBXContainerItemProxy */ = {
			isa = PBXContainerItemProxy;
			containerPortal = 5375679A2DE32C9500946357 /* Project object */;
			proxyType = 1;
			remoteGlobalIDString = 537567A12DE32C9500946357;
			remoteInfo = USBExternalCamera;
		};
/* End PBXContainerItemProxy section */

/* Begin PBXFileReference section */
		537567A22DE32C9500946357 /* USBExternalCamera.app */ = {isa = PBXFileReference; explicitFileType = wrapper.application; includeInIndex = 0; path = USBExternalCamera.app; sourceTree = BUILT_PRODUCTS_DIR; };
		537567B12DE32C9700946357 /* USBExternalCameraTests.xctest */ = {isa = PBXFileReference; explicitFileType = wrapper.cfbundle; includeInIndex = 0; path = USBExternalCameraTests.xctest; sourceTree = BUILT_PRODUCTS_DIR; };
		537567BB2DE32C9700946357 /* USBExternalCameraUITests.xctest */ = {isa = PBXFileReference; explicitFileType = wrapper.cfbundle; includeInIndex = 0; path = USBExternalCameraUITests.xctest; sourceTree = BUILT_PRODUCTS_DIR; };
		53D4E2362DE8379900B36A15 /* AVFoundation.framework */ = {isa = PBXFileReference; lastKnownFileType = wrapper.framework; name = AVFoundation.framework; path = System/Library/Frameworks/AVFoundation.framework; sourceTree = SDKROOT; };
/* End PBXFileReference section */

/* Begin PBXFileSystemSynchronizedRootGroup section */
		537567A42DE32C9500946357 /* USBExternalCamera */ = {
			isa = PBXFileSystemSynchronizedRootGroup;
			path = USBExternalCamera;
			sourceTree = "<group>";
		};
		537567B42DE32C9700946357 /* USBExternalCameraTests */ = {
			isa = PBXFileSystemSynchronizedRootGroup;
			path = USBExternalCameraTests;
			sourceTree = "<group>";
		};
		537567BE2DE32C9700946357 /* USBExternalCameraUITests */ = {
			isa = PBXFileSystemSynchronizedRootGroup;
			path = USBExternalCameraUITests;
			sourceTree = "<group>";
		};
		53E543962DF0FA0900723D23 /* Resources */ = {
			isa = PBXFileSystemSynchronizedRootGroup;
			path = Resources;
			sourceTree = "<group>";
		};
/* End PBXFileSystemSynchronizedRootGroup section */

/* Begin PBXFrameworksBuildPhase section */
		5375679F2DE32C9500946357 /* Frameworks */ = {
			isa = PBXFrameworksBuildPhase;
			buildActionMask = 2147483647;
			files = (
				53AF02DD2DE864F7006B527D /* MoQTHaishinKit in Frameworks */,
				53AF02DB2DE864F7006B527D /* HaishinKit in Frameworks */,
				53AF02DF2DE864F7006B527D /* SRTHaishinKit in Frameworks */,
				53D4E2372DE8379900B36A15 /* AVFoundation.framework in Frameworks */,
				53F0A0012DF2000000000001 /* LiveStreamingCore in Frameworks */,
			);
			runOnlyForDeploymentPostprocessing = 0;
		};
		537567AE2DE32C9700946357 /* Frameworks */ = {
			isa = PBXFrameworksBuildPhase;
			buildActionMask = 2147483647;
			files = (
			);
			runOnlyForDeploymentPostprocessing = 0;
		};
		537567B82DE32C9700946357 /* Frameworks */ = {
			isa = PBXFrameworksBuildPhase;
			buildActionMask = 2147483647;
			files = (
			);
			runOnlyForDeploymentPostprocessing = 0;
		};
/* End PBXFrameworksBuildPhase section */

/* Begin PBXGroup section */
		537567992DE32C9500946357 = {
			isa = PBXGroup;
			children = (
				537567A42DE32C9500946357 /* USBExternalCamera */,
				537567B42DE32C9700946357 /* USBExternalCameraTests */,
				537567BE2DE32C9700946357 /* USBExternalCameraUITests */,
				53E543962DF0FA0900723D23 /* Resources */,
				53D4E2352DE8379800B36A15 /* Frameworks */,
				537567A32DE32C9500946357 /* Products */,
			);
			sourceTree = "<group>";
		};
		537567A32DE32C9500946357 /* Products */ = {
			isa = PBXGroup;
			children = (
				537567A22DE32C9500946357 /* USBExternalCamera.app */,
				537567B12DE32C9700946357 /* USBExternalCameraTests.xctest */,
				537567BB2DE32C9700946357 /* USBExternalCameraUITests.xctest */,
			);
			name = Products;
			sourceTree = "<group>";
		};
		53D4E2352DE8379800B36A15 /* Frameworks */ = {
			isa = PBXGroup;
			children = (
				53D4E2362DE8379900B36A15 /* AVFoundation.framework */,
			);
			name = Frameworks;
			sourceTree = "<group>";
		};
/* End PBXGroup section */

/* Begin PBXNativeTarget section */
		537567A12DE32C9500946357 /* USBExternalCamera */ = {
			isa = PBXNativeTarget;
			buildConfigurationList = 537567C52DE32C9700946357 /* Build configuration list for PBXNativeTarget "USBExternalCamera" */;
			buildPhases = (
				5375679E2DE32C9500946357 /* Sources */,
				5375679F2DE32C9500946357 /* Frameworks */,
				537567A02DE32C9500946357 /* Resources */,
			);
			buildRules = (
			);
			dependencies = (
			);
			fileSystemSynchronizedGroups = (
				537567A42DE32C9500946357 /* USBExternalCamera */,
				53E543962DF0FA0900723D23 /* Resources */,
			);
			name = USBExternalCamera;
			packageProductDependencies = (
				53AF02DA2DE864F7006B527D /* HaishinKit */,
				53AF02DC2DE864F7006B527D /* MoQTHaishinKit */,
				53AF02DE2DE864F7006B527D /* SRTHaishinKit */,
				53F0A0022DF2000000000001 /* LiveStreamingCore */,
			);
			productName = USBExternalCamera;
			productReference = 537567A22DE32C9500946357 /* USBExternalCamera.app */;
			productType = "com.apple.product-type.application";
		};
		537567B02DE32C9700946357 /* USBExternalCameraTests */ = {
			isa = PBXNativeTarget;
			buildConfigurationList = 537567C82DE32C9700946357 /* Build configuration list for PBXNativeTarget "USBExternalCameraTests" */;
			buildPhases = (
				537567AD2DE32C9700946357 /* Sources */,
				537567AE2DE32C9700946357 /* Frameworks */,
				537567AF2DE32C9700946357 /* Resources */,
			);
			buildRules = (
			);
			dependencies = (
				537567B32DE32C9700946357 /* PBXTargetDependency */,
			);
			fileSystemSynchronizedGroups = (
				537567B42DE32C9700946357 /* USBExternalCameraTests */,
			);
			name = USBExternalCameraTests;
			packageProductDependencies = (
			);
			productName = USBExternalCameraTests;
			productReference = 537567B12DE32C9700946357 /* USBExternalCameraTests.xctest */;
			productType = "com.apple.product-type.bundle.unit-test";
		};
		537567BA2DE32C9700946357 /* USBExternalCameraUITests */ = {
			isa = PBXNativeTarget;
			buildConfigurationList = 537567CB2DE32C9700946357 /* Build configuration list for PBXNativeTarget "USBExternalCameraUITests" */;
			buildPhases = (
				537567B72DE32C9700946357 /* Sources */,
				537567B82DE32C9700946357 /* Frameworks */,
				537567B92DE32C9700946357 /* Resources */,
			);
			buildRules = (
			);
			dependencies = (
				537567BD2DE32C9700946357 /* PBXTargetDependency */,
			);
			fileSystemSynchronizedGroups = (
				537567BE2DE32C9700946357 /* USBExternalCameraUITests */,
			);
			name = USBExternalCameraUITests;
			packageProductDependencies = (
			);
			productName = USBExternalCameraUITests;
			productReference = 537567BB2DE32C9700946357 /* USBExternalCameraUITests.xctest */;
			productType = "com.apple.product-type.bundle.ui-testing";
		};
/* End PBXNativeTarget section */

/* Begin PBXProject section */
		5375679A2DE32C9500946357 /* Project object */ = {
			isa = PBXProject;
			attributes = {
				BuildIndependentTargetsInParallel = 1;
				LastSwiftUpdateCheck = 1630;
				LastUpgradeCheck = 1640;
				TargetAttributes = {
					537567A12DE32C9500946357 = {
						CreatedOnToolsVersion = 16.3;
					};
					537567B02DE32C9700946357 = {
						CreatedOnToolsVersion = 16.3;
						TestTargetID = 537567A12DE32C9500946357;
					};
					537567BA2DE32C9700946357 = {
						CreatedOnToolsVersion = 16.3;
						TestTargetID = 537567A12DE32C9500946357;
					};
				};
			};
			buildConfigurationList = 5375679D2DE32C9500946357 /* Build configuration list for PBXProject "USBExternalCamera" */;
			developmentRegion = en;
			hasScannedForEncodings = 0;
			knownRegions = (
				en,
				Base,
				ko,
			);
			mainGroup = 537567992DE32C9500946357;
			minimizedProjectReferenceProxies = 1;
			packageReferences = (
				53AF02D92DE864F7006B527D /* XCRemoteSwiftPackageReference "HaishinKit" */,
				53F0A0032DF2000000000001 /* XCRemoteSwiftPackageReference "LiveStreamingCore" */,
			);
			preferredProjectObjectVersion = 77;
			productRefGroup = 537567A32DE32C9500946357 /* Products */;
			projectDirPath = "";
			projectRoot = "";
			targets = (
				537567A12DE32C9500946357 /* USBExternalCamera */,
				537567B02DE32C9700946357 /* USBExternalCameraTests */,
				537567BA2DE32C9700946357 /* USBExternalCameraUITests */,
			);
		};
/* End PBXProject section */

/* Begin PBXResourcesBuildPhase section */
		537567A02DE32C9500946357 /* Resources */ = {
			isa = PBXResourcesBuildPhase;
			buildActionMask = 2147483647;
			files = (
			);
			runOnlyForDeploymentPostprocessing = 0;
		};
		537567AF2DE32C9700946357 /* Resources */ = {
			isa = PBXResourcesBuildPhase;
			buildActionMask = 2147483647;
			files = (
			);
			runOnlyForDeploymentPostprocessing = 0;
		};
		537567B92DE32C9700946357 /* Resources */ = {
			isa = PBXResourcesBuildPhase;
			buildActionMask = 2147483647;
			files = (
			);
			runOnlyForDeploymentPostprocessing = 0;
		};
/* End PBXResourcesBuildPhase section */

/* Begin PBXSourcesBuildPhase section */
		5375679E2DE32C9500946357 /* Sources */ = {
			isa = PBXSourcesBuildPhase;
			buildActionMask = 2147483647;
			files = (
			);
			runOnlyForDeploymentPostprocessing = 0;
		};
		537567AD2DE32C9700946357 /* Sources */ = {
			isa = PBXSourcesBuildPhase;
			buildActionMask = 2147483647;
			files = (
			);
			runOnlyForDeploymentPostprocessing = 0;
		};
		537567B72DE32C9700946357 /* Sources */ = {
			isa = PBXSourcesBuildPhase;
			buildActionMask = 2147483647;
			files = (
			);
			runOnlyForDeploymentPostprocessing = 0;
		};
/* End PBXSourcesBuildPhase section */

/* Begin PBXTargetDependency section */
		537567B32DE32C9700946357 /* PBXTargetDependency */ = {
			isa = PBXTargetDependency;
			target = 537567A12DE32C9500946357 /* USBExternalCamera */;
			targetProxy = 537567B22DE32C9700946357 /* PBXContainerItemProxy */;
		};
		537567BD2DE32C9700946357 /* PBXTargetDependency */ = {
			isa = PBXTargetDependency;
			target = 537567A12DE32C9500946357 /* USBExternalCamera */;
			targetProxy = 537567BC2DE32C9700946357 /* PBXContainerItemProxy */;
		};
/* End PBXTargetDependency section */

/* Begin XCBuildConfiguration section */
		537567C32DE32C9700946357 /* Debug */ = {
			isa = XCBuildConfiguration;
			buildSettings = {
				ALWAYS_SEARCH_USER_PATHS = NO;
				ASSETCATALOG_COMPILER_GENERATE_SWIFT_ASSET_SYMBOL_EXTENSIONS = YES;
				CLANG_ANALYZER_LOCALIZABILITY_NONLOCALIZED = YES;
				CLANG_ANALYZER_NONNULL = YES;
				CLANG_ANALYZER_NUMBER_OBJECT_CONVERSION = YES_AGGRESSIVE;
				CLANG_CXX_LANGUAGE_STANDARD = "gnu++20";
				CLANG_ENABLE_MODULES = YES;
				CLANG_ENABLE_OBJC_ARC = YES;
				CLANG_ENABLE_OBJC_WEAK = YES;
				CLANG_WARN_BLOCK_CAPTURE_AUTORELEASING = YES;
				CLANG_WARN_BOOL_CONVERSION = YES;
				CLANG_WARN_COMMA = YES;
				CLANG_WARN_CONSTANT_CONVERSION = YES;
				CLANG_WARN_DEPRECATED_OBJC_IMPLEMENTATIONS = YES;
				CLANG_WARN_DIRECT_OBJC_ISA_USAGE = YES_ERROR;
				CLANG_WARN_DOCUMENTATION_COMMENTS = YES;
				CLANG_WARN_EMPTY_BODY = YES;
				CLANG_WARN_ENUM_CONVERSION = YES;
				CLANG_WARN_INFINITE_RECURSION = YES;
				CLANG_WARN_INT_CONVERSION = YES;
				CLANG_WARN_NON_LITERAL_NULL_CONVERSION = YES;
				CLANG_WARN_OBJC_IMPLICIT_RETAIN_SELF = YES;
				CLANG_WARN_OBJC_LITERAL_CONVERSION = YES;
				CLANG_WARN_OBJC_ROOT_CLASS = YES_ERROR;
				CLANG_WARN_QUOTED_INCLUDE_IN_FRAMEWORK_HEADER = YES;
				CLANG_WARN_RANGE_LOOP_ANALYSIS = YES;
				CLANG_WARN_STRICT_PROTOTYPES = YES;
				CLANG_WARN_SUSPICIOUS_MOVE = YES;
				CLANG_WARN_UNGUARDED_AVAILABILITY = YES_AGGRESSIVE;
				CLANG_WARN_UNREACHABLE_CODE = YES;
				CLANG_WARN__DUPLICATE_METHOD_MATCH = YES;
				COPY_PHASE_STRIP = NO;
				DEBUG_INFORMATION_FORMAT = dwarf;
				DEVELOPMENT_TEAM = R5N5JUB2P2;
				ENABLE_STRICT_OBJC_MSGSEND = YES;
				ENABLE_TESTABILITY = YES;
				ENABLE_USER_SCRIPT_SANDBOXING = YES;
				GCC_C_LANGUAGE_STANDARD = gnu17;
				GCC_DYNAMIC_NO_PIC = NO;
				GCC_NO_COMMON_BLOCKS = YES;
				GCC_OPTIMIZATION_LEVEL = 0;
				GCC_PREPROCESSOR_DEFINITIONS = (
					"DEBUG=1",
					"$(inherited)",
				);
				GCC_WARN_64_TO_32_BIT_CONVERSION = YES;
				GCC_WARN_ABOUT_RETURN_TYPE = YES_ERROR;
				GCC_WARN_UNDECLARED_SELECTOR = YES;
				GCC_WARN_UNINITIALIZED_AUTOS = YES_AGGRESSIVE;
				GCC_WARN_UNUSED_FUNCTION = YES;
				GCC_WARN_UNUSED_VARIABLE = YES;
				IPHONEOS_DEPLOYMENT_TARGET = 18.4;
				LOCALIZATION_PREFERS_STRING_CATALOGS = YES;
				MTL_ENABLE_DEBUG_INFO = INCLUDE_SOURCE;
				MTL_FAST_MATH = YES;
				ONLY_ACTIVE_ARCH = YES;
				SDKROOT = iphoneos;
				SWIFT_ACTIVE_COMPILATION_CONDITIONS = "DEBUG $(inherited)";
				SWIFT_OPTIMIZATION_LEVEL = "-Onone";
			};
			name = Debug;
		};
		537567C42DE32C9700946357 /* Release */ = {
			isa = XCBuildConfiguration;
			buildSettings = {
				ALWAYS_SEARCH_USER_PATHS = NO;
				ASSETCATALOG_COMPILER_GENERATE_SWIFT_ASSET_SYMBOL_EXTENSIONS = YES;
				CLANG_ANALYZER_LOCALIZABILITY_NONLOCALIZED = YES;
				CLANG_ANALYZER_NONNULL = YES;
				CLANG_ANALYZER_NUMBER_OBJECT_CONVERSION = YES_AGGRESSIVE;
				CLANG_CXX_LANGUAGE_STANDARD = "gnu++20";
				CLANG_ENABLE_MODULES = YES;
				CLANG_ENABLE_OBJC_ARC = YES;
				CLANG_ENABLE_OBJC_WEAK = YES;
				CLANG_WARN_BLOCK_CAPTURE_AUTORELEASING = YES;
				CLANG_WARN_BOOL_CONVERSION = YES;
				CLANG_WARN_COMMA = YES;
				CLANG_WARN_CONSTANT_CONVERSION = YES;
				CLANG_WARN_DEPRECATED_OBJC_IMPLEMENTATIONS = YES;
				CLANG_WARN_DIRECT_OBJC_ISA_USAGE = YES_ERROR;
				CLANG_WARN_DOCUMENTATION_COMMENTS = YES;
				CLANG_WARN_EMPTY_BODY = YES;
				CLANG_WARN_ENUM_CONVERSION = YES;
				CLANG_WARN_INFINITE_RECURSION = YES;
				CLANG_WARN_INT_CONVERSION = YES;
				CLANG_WARN_NON_LITERAL_NULL_CONVERSION = YES;
				CLANG_WARN_OBJC_IMPLICIT_RETAIN_SELF = YES;
				CLANG_WARN_OBJC_LITERAL_CONVERSION = YES;
				CLANG_WARN_OBJC_ROOT_CLASS = YES_ERROR;
				CLANG_WARN_QUOTED_INCLUDE_IN_FRAMEWORK_HEADER = YES;
				CLANG_WARN_RANGE_LOOP_ANALYSIS = YES;
				CLANG_WARN_STRICT_PROTOTYPES = YES;
				CLANG_WARN_SUSPICIOUS_MOVE = YES;
				CLANG_WARN_UNGUARDED_AVAILABILITY = YES_AGGRESSIVE;
				CLANG_WARN_UNREACHABLE_CODE = YES;
				CLANG_WARN__DUPLICATE_METHOD_MATCH = YES;
				COPY_PHASE_STRIP = NO;
				DEBUG_INFORMATION_FORMAT = "dwarf-with-dsym";
				DEVELOPMENT_TEAM = R5N5JUB2P2;
				ENABLE_NS_ASSERTIONS = NO;
				ENABLE_STRICT_OBJC_MSGSEND = YES;
				ENABLE_USER_SCRIPT_SANDBOXING = YES;
				GCC_C_LANGUAGE_STANDARD = gnu17;
				GCC_NO_COMMON_BLOCKS = YES;
				GCC_WARN_64_TO_32_BIT_CONVERSION = YES;
				GCC_WARN_ABOUT_RETURN_TYPE = YES_ERROR;
				GCC_WARN_UNDECLARED_SELECTOR = YES;
				GCC_WARN_UNINITIALIZED_AUTOS = YES_AGGRESSIVE;
				GCC_WARN_UNUSED_FUNCTION = YES;
				GCC_WARN_UNUSED_VARIABLE = YES;
				IPHONEOS_DEPLOYMENT_TARGET = 18.4;
				LOCALIZATION_PREFERS_STRING_CATALOGS = YES;
				MTL_ENABLE_DEBUG_INFO = NO;
				MTL_FAST_MATH = YES;
				SDKROOT = iphoneos;
				SWIFT_COMPILATION_MODE = wholemodule;
				VALIDATE_PRODUCT = YES;
			};
			name = Release;
		};
		537567C62DE32C9700946357 /* Debug */ = {
			isa = XCBuildConfiguration;
			buildSettings = {
				ASSETCATALOG_COMPILER_APPICON_NAME = AppIcon;
				ASSETCATALOG_COMPILER_GLOBAL_ACCENT_COLOR_NAME = AccentColor;
				CODE_SIGN_IDENTITY = "Apple Development";
				CODE_SIGN_STYLE = Automatic;
				CURRENT_PROJECT_VERSION = 1;
				DEFINES_MODULE = YES;
				ENABLE_MODULE_VERIFIER = YES;
				ENABLE_PREVIEWS = YES;
				GENERATE_INFOPLIST_FILE = YES;
				INFOPLIST_KEY_LSApplicationCategoryType = "public.app-category.video";
				INFOPLIST_KEY_NSCameraUsageDescription = "카메라 사용 허용";
				INFOPLIST_KEY_NSMicrophoneUsageDescription = "마이크 사용 허용";
				INFOPLIST_KEY_NSPhotoLibraryUsageDescription = "사진첩 사용 허용";
				INFOPLIST_KEY_UIApplicationSceneManifest_Generation = YES;
				INFOPLIST_KEY_UIApplicationSupportsIndirectInputEvents = YES;
				INFOPLIST_KEY_UILaunchScreen_Generation = YES;
				INFOPLIST_KEY_UISupportedInterfaceOrientations_iPad = "UIInterfaceOrientationPortrait UIInterfaceOrientationPortraitUpsideDown UIInterfaceOrientationLandscapeLeft UIInterfaceOrientationLandscapeRight";
				INFOPLIST_KEY_UISupportedInterfaceOrientations_iPhone = "UIInterfaceOrientationPortrait UIInterfaceOrientationLandscapeLeft UIInterfaceOrientationLandscapeRight";
				IPHONEOS_DEPLOYMENT_TARGET = 17;
				LD_RUNPATH_SEARCH_PATHS = (
					"$(inherited)",
					"@executable_path/Frameworks",
				);
				MARKETING_VERSION = 1.0;
				MODULE_VERIFIER_SUPPORTED_LANGUAGE_STANDARDS = "gnu17 gnu++20";
				OTHER_LDFLAGS = (
					"-Xlinker",
					"-interposable",
				);
				PRODUCT_BUNDLE_IDENTIFIER = "com.heavyarm.-";
				PRODUCT_NAME = "$(TARGET_NAME)";
				PROVISIONING_PROFILE_SPECIFIER = "";
				SWIFT_EMIT_LOC_STRINGS = YES;
				SWIFT_INCLUDE_PATHS = "$(SRCROOT)/USBExternalCamera";
				SWIFT_VERSION = 5.0;
				TARGETED_DEVICE_FAMILY = "1,2";
			};
			name = Debug;
		};
		537567C72DE32C9700946357 /* Release */ = {
			isa = XCBuildConfiguration;
			buildSettings = {
				ASSETCATALOG_COMPILER_APPICON_NAME = AppIcon;
				ASSETCATALOG_COMPILER_GLOBAL_ACCENT_COLOR_NAME = AccentColor;
				CODE_SIGN_IDENTITY = "Apple Development";
				CODE_SIGN_STYLE = Automatic;
				CURRENT_PROJECT_VERSION = 1;
				DEFINES_MODULE = YES;
				ENABLE_MODULE_VERIFIER = YES;
				ENABLE_PREVIEWS = YES;
				GENERATE_INFOPLIST_FILE = YES;
				INFOPLIST_KEY_LSApplicationCategoryType = "public.app-category.video";
				INFOPLIST_KEY_NSCameraUsageDescription = "카메라 사용 허용";
				INFOPLIST_KEY_NSMicrophoneUsageDescription = "마이크 사용 허용";
				INFOPLIST_KEY_NSPhotoLibraryUsageDescription = "사진첩 사용 허용";
				INFOPLIST_KEY_UIApplicationSceneManifest_Generation = YES;
				INFOPLIST_KEY_UIApplicationSupportsIndirectInputEvents = YES;
				INFOPLIST_KEY_UILaunchScreen_Generation = YES;
				INFOPLIST_KEY_UISupportedInterfaceOrientations_iPad = "UIInterfaceOrientationPortrait UIInterfaceOrientationPortraitUpsideDown UIInterfaceOrientationLandscapeLeft UIInterfaceOrientationLandscapeRight";
				INFOPLIST_KEY_UISupportedInterfaceOrientations_iPhone = "UIInterfaceOrientationPortrait UIInterfaceOrientationLandscapeLeft UIInterfaceOrientationLandscapeRight";
				IPHONEOS_DEPLOYMENT_TARGET = 17;
				LD_RUNPATH_SEARCH_PATHS = (
					"$(inherited)",
					"@executable_path/Frameworks",
				);
				MARKETING_VERSION = 1.0;
				MODULE_VERIFIER_SUPPORTED_LANGUAGE_STANDARDS = "gnu17 gnu++20";
				PRODUCT_BUNDLE_IDENTIFIER = "com.heavyarm.-";
				PRODUCT_NAME = "$(TARGET_NAME)";
				PROVISIONING_PROFILE_SPECIFIER = "";
				SWIFT_EMIT_LOC_STRINGS = YES;
				SWIFT_INCLUDE_PATHS = "$(SRCROOT)/USBExternalCamera";
				SWIFT_VERSION = 5.0;
				TARGETED_DEVICE_FAMILY = "1,2";
			};
			name = Release;
		};
		537567C92DE32C9700946357 /* Debug */ = {
			isa = XCBuildConfiguration;
			buildSettings = {
				BUNDLE_LOADER = "$(TEST_HOST)";
				CODE_SIGN_STYLE = Automatic;
				CURRENT_PROJECT_VERSION = 1;
				GENERATE_INFOPLIST_FILE = YES;
				IPHONEOS_DEPLOYMENT_TARGET = 18.4;
				MARKETING_VERSION = 1.0;
				PRODUCT_BUNDLE_IDENTIFIER = "com.heavyarm.-";
				PRODUCT_NAME = "$(TARGET_NAME)";
				SWIFT_EMIT_LOC_STRINGS = NO;
				SWIFT_VERSION = 5.0;
				TARGETED_DEVICE_FAMILY = "1,2";
				TEST_HOST = "$(BUILT_PRODUCTS_DIR)/USBExternalCamera.app/$(BUNDLE_EXECUTABLE_FOLDER_PATH)/USBExternalCamera";
			};
			name = Debug;
		};
		537567CA2DE32C9700946357 /* Release */ = {
			isa = XCBuildConfiguration;
			buildSettings = {
				BUNDLE_LOADER = "$(TEST_HOST)";
				CODE_SIGN_STYLE = Automatic;
				CURRENT_PROJECT_VERSION = 1;
				GENERATE_INFOPLIST_FILE = YES;
				IPHONEOS_DEPLOYMENT_TARGET = 18.4;
				MARKETING_VERSION = 1.0;
				PRODUCT_BUNDLE_IDENTIFIER = "com.heavyarm.-";
				PRODUCT_NAME = "$(TARGET_NAME)";
				SWIFT_EMIT_LOC_STRINGS = NO;
				SWIFT_VERSION = 5.0;
				TARGETED_DEVICE_FAMILY = "1,2";
				TEST_HOST = "$(BUILT_PRODUCTS_DIR)/USBExternalCamera.app/$(BUNDLE_EXECUTABLE_FOLDER_PATH)/USBExternalCamera";
			};
			name = Release;
		};
		537567CC2DE32C9700946357 /* Debug */ = {
			isa = XCBuildConfiguration;
			buildSettings = {
				CODE_SIGN_STYLE = Automatic;
				CURRENT_PROJECT_VERSION = 1;
				GENERATE_INFOPLIST_FILE = YES;
				MARKETING_VERSION = 1.0;
				PRODUCT_BUNDLE_IDENTIFIER = "com.heavyarm.-";
				PRODUCT_NAME = "$(TARGET_NAME)";
				SWIFT_EMIT_LOC_STRINGS = NO;
				SWIFT_VERSION = 5.0;
				TARGETED_DEVICE_FAMILY = "1,2";
				TEST_TARGET_NAME = USBExternalCamera;
			};
			name = Debug;
		};
		537567CD2DE32C9700946357 /* Release */ = {
			isa = XCBuildConfiguration;
			buildSettings = {
				CODE_SIGN_STYLE = Automatic;
				CURRENT_PROJECT_VERSION = 1;
				GENERATE_INFOPLIST_FILE = YES;
				MARKETING_VERSION = 1.0;
				PRODUCT_BUNDLE_IDENTIFIER = "com.heavyarm.-";
				PRODUCT_NAME = "$(TARGET_NAME)";
				SWIFT_EMIT_LOC_STRINGS = NO;
				SWIFT_VERSION = 5.0;
				TARGETED_DEVICE_FAMILY = "1,2";
				TEST_TARGET_NAME = USBExternalCamera;
			};
			name = Release;
		};
/* End XCBuildConfiguration section */

/* Begin XCConfigurationList section */
		5375679D2DE32C9500946357 /* Build configuration list for PBXProject "USBExternalCamera" */ = {
			isa = XCConfigurationList;
			buildConfigurations = (
				537567C32DE32C9700946357 /* Debug */,
				537567C42DE32C9700946357 /* Release */,
			);
			defaultConfigurationIsVisible = 0;
			defaultConfigurationName = Release;
		};
		537567C52DE32C9700946357 /* Build configuration list for PBXNativeTarget "USBExternalCamera" */ = {
			isa = XCConfigurationList;
			buildConfigurations = (
				537567C62DE32C9700946357 /* Debug */,
				537567C72DE32C9700946357 /* Release */,
			);
			defaultConfigurationIsVisible = 0;
			defaultConfigurationName = Release;
		};
		537567C82DE32C9700946357 /* Build configuration list for PBXNativeTarget "USBExternalCameraTests" */ = {
			isa = XCConfigurationList;
			buildConfigurations = (
				537567C92DE32C9700946357 /* Debug */,
				537567CA2DE32C9700946357 /* Release */,
			);
			defaultConfigurationIsVisible = 0;
			defaultConfigurationName = Release;
		};
		537567CB2DE32C9700946357 /* Build configuration list for PBXNativeTarget "USBExternalCameraUITests" */ = {
			isa = XCConfigurationList;
			buildConfigurations = (
				537567CC2DE32C9700946357 /* Debug */,
				537567CD2DE32C9700946357 /* Release */,
			);
			defaultConfigurationIsVisible = 0;
			defaultConfigurationName = Release;
		};
/* End XCConfigurationList section */

/* Begin XCRemoteSwiftPackageReference section */
		53AF02D92DE864F7006B527D /* XCRemoteSwiftPackageReference "HaishinKit" */ = {
			isa = XCRemoteSwiftPackageReference;
			repositoryURL = "https://github.com/HaishinKit/HaishinKit.swift";
			requirement = {
				kind = upToNextMinorVersion;
				minimumVersion = 2.0.8;
			};
		};
		53F0A0032DF2000000000001 /* XCRemoteSwiftPackageReference "LiveStreamingCore" */ = {
			isa = XCRemoteSwiftPackageReference;
			repositoryURL = "https://github.com/joopark4/LiveStreamingCore.git";
			requirement = {
				kind = upToNextMajorVersion;
				minimumVersion = 1.0.0;
			};
		};
/* End XCRemoteSwiftPackageReference section */

/* Begin XCSwiftPackageProductDependency section */
		53AF02DA2DE864F7006B527D /* HaishinKit */ = {
			isa = XCSwiftPackageProductDependency;
			package = 53AF02D92DE864F7006B527D /* XCRemoteSwiftPackageReference "HaishinKit" */;
			productName = HaishinKit;
		};
		53AF02DC2DE864F7006B527D /* MoQTHaishinKit */ = {
			isa = XCSwiftPackageProductDependency;
			package = 53AF02D92DE864F7006B527D /* XCRemoteSwiftPackageReference "HaishinKit" */;
			productName = MoQTHaishinKit;
		};
		53AF02DE2DE864F7006B527D /* SRTHaishinKit */ = {
			isa = XCSwiftPackageProductDependency;
			package = 53AF02D92DE864F7006B527D /* XCRemoteSwiftPackageReference "HaishinKit" */;
			productName = SRTHaishinKit;
		};
		53F0A0022DF2000000000001 /* LiveStreamingCore */ = {
			isa = XCSwiftPackageProductDependency;
			package = 53F0A0032DF2000000000001 /* XCRemoteSwiftPackageReference "LiveStreamingCore" */;
			productName = LiveStreamingCore;
		};
/* End XCSwiftPackageProductDependency section */
	};
	rootObject = 5375679A2DE32C9500946357 /* Project object */;
}
